
Microsoft Visual Studio Solution File, Format Version 12.00
VisualStudioVersion = 17.5.2.0
Project("{2150E333-8FDC-42A3-9474-1A3956D46DE8}") = "source", "source", "{979FE575-A4A8-4CCC-919B-3DF726DC99F4}"
EndProject
Project("{2150E333-8FDC-42A3-9474-1A3956D46DE8}") = "Core", "Core", "{DEA5DFCC-CBC8-7CB0-EB66-51A5FCCC1A16}"
EndProject
Project("{2150E333-8FDC-42A3-9474-1A3956D46DE8}") = "Performance", "Performance", "{75B0FD84-1F0A-AAF0-69EF-EF2230C90D4F}"
EndProject
Project("{2150E333-8FDC-42A3-9474-1A3956D46DE8}") = "Tests", "Tests", "{B63F7F8A-7B5A-47B7-11BD-7DA23C52FE07}"
EndProject
Project("{FAE04EC0-301F-11D3-BF4B-00C04F79EFBC}") = "Spatial", "source\Core\Spatial.csproj", "{321EECB4-D059-4F07-B1BE-5F957E6343DD}"
EndProject
Project("{FAE04EC0-301F-11D3-BF4B-00C04F79EFBC}") = "Spatial.Performance", "source\Performance\Spatial.Performance.csproj", "{3316F56F-C0D6-4517-9F94-03DB3D49C428}"
EndProject
Project("{FAE04EC0-301F-11D3-BF4B-00C04F79EFBC}") = "Spatial.Tests", "source\Tests\Spatial.Tests.csproj", "{B3D4B246-E7D3-4A61-9B9A-057F5A334607}"
EndProject
Project("{2150E333-8FDC-42A3-9474-1A3956D46DE8}") = "Generators", "Generators", "{E2DE9711-0900-0CFE-D276-7C7B21FEDF57}"
EndProject
Project("{FAE04EC0-301F-11D3-BF4B-00C04F79EFBC}") = "Spatial.Generators", "source\Generators\Spatial.Generators.csproj", "{A4F01980-153A-4631-BE3C-5646E03052AB}"
EndProject
Project("{2150E333-8FDC-42A3-9474-1A3956D46DE8}") = "Server", "Server", "{8A6226FF-F409-717C-6A3C-7403D85B097D}"
EndProject
Project("{FAE04EC0-301F-11D3-BF4B-00C04F79EFBC}") = "Spatial.Cloud", "source\Server\Spatial.Cloud.csproj", "{E573D90F-7A1B-423D-9077-A1545709CD10}"
EndProject
Global
	GlobalSection(SolutionConfigurationPlatforms) = preSolution
		Debug|Any CPU = Debug|Any CPU
		Debug|x64 = Debug|x64
		Debug|x86 = Debug|x86
		Release|Any CPU = Release|Any CPU
		Release|x64 = Release|x64
		Release|x86 = Release|x86
	EndGlobalSection
	GlobalSection(ProjectConfigurationPlatforms) = postSolution
		{321EECB4-D059-4F07-B1BE-5F957E6343DD}.Debug|Any CPU.ActiveCfg = Debug|Any CPU
		{321EECB4-D059-4F07-B1BE-5F957E6343DD}.Debug|Any CPU.Build.0 = Debug|Any CPU
		{321EECB4-D059-4F07-B1BE-5F957E6343DD}.Debug|x64.ActiveCfg = Debug|Any CPU
		{321EECB4-D059-4F07-B1BE-5F957E6343DD}.Debug|x64.Build.0 = Debug|Any CPU
		{321EECB4-D059-4F07-B1BE-5F957E6343DD}.Debug|x86.ActiveCfg = Debug|Any CPU
		{321EECB4-D059-4F07-B1BE-5F957E6343DD}.Debug|x86.Build.0 = Debug|Any CPU
		{321EECB4-D059-4F07-B1BE-5F957E6343DD}.Release|Any CPU.ActiveCfg = Release|Any CPU
		{321EECB4-D059-4F07-B1BE-5F957E6343DD}.Release|Any CPU.Build.0 = Release|Any CPU
		{321EECB4-D059-4F07-B1BE-5F957E6343DD}.Release|x64.ActiveCfg = Release|Any CPU
		{321EECB4-D059-4F07-B1BE-5F957E6343DD}.Release|x64.Build.0 = Release|Any CPU
		{321EECB4-D059-4F07-B1BE-5F957E6343DD}.Release|x86.ActiveCfg = Release|Any CPU
		{321EECB4-D059-4F07-B1BE-5F957E6343DD}.Release|x86.Build.0 = Release|Any CPU
		{3316F56F-C0D6-4517-9F94-03DB3D49C428}.Debug|Any CPU.ActiveCfg = Debug|Any CPU
		{3316F56F-C0D6-4517-9F94-03DB3D49C428}.Debug|Any CPU.Build.0 = Debug|Any CPU
		{3316F56F-C0D6-4517-9F94-03DB3D49C428}.Debug|x64.ActiveCfg = Debug|Any CPU
		{3316F56F-C0D6-4517-9F94-03DB3D49C428}.Debug|x64.Build.0 = Debug|Any CPU
		{3316F56F-C0D6-4517-9F94-03DB3D49C428}.Debug|x86.ActiveCfg = Debug|Any CPU
		{3316F56F-C0D6-4517-9F94-03DB3D49C428}.Debug|x86.Build.0 = Debug|Any CPU
		{3316F56F-C0D6-4517-9F94-03DB3D49C428}.Release|Any CPU.ActiveCfg = Release|Any CPU
		{3316F56F-C0D6-4517-9F94-03DB3D49C428}.Release|Any CPU.Build.0 = Release|Any CPU
		{3316F56F-C0D6-4517-9F94-03DB3D49C428}.Release|x64.ActiveCfg = Release|Any CPU
		{3316F56F-C0D6-4517-9F94-03DB3D49C428}.Release|x64.Build.0 = Release|Any CPU
		{3316F56F-C0D6-4517-9F94-03DB3D49C428}.Release|x86.ActiveCfg = Release|Any CPU
		{3316F56F-C0D6-4517-9F94-03DB3D49C428}.Release|x86.Build.0 = Release|Any CPU
		{B3D4B246-E7D3-4A61-9B9A-057F5A334607}.Debug|Any CPU.ActiveCfg = Debug|Any CPU
		{B3D4B246-E7D3-4A61-9B9A-057F5A334607}.Debug|Any CPU.Build.0 = Debug|Any CPU
		{B3D4B246-E7D3-4A61-9B9A-057F5A334607}.Debug|x64.ActiveCfg = Debug|Any CPU
		{B3D4B246-E7D3-4A61-9B9A-057F5A334607}.Debug|x64.Build.0 = Debug|Any CPU
		{B3D4B246-E7D3-4A61-9B9A-057F5A334607}.Debug|x86.ActiveCfg = Debug|Any CPU
		{B3D4B246-E7D3-4A61-9B9A-057F5A334607}.Debug|x86.Build.0 = Debug|Any CPU
		{B3D4B246-E7D3-4A61-9B9A-057F5A334607}.Release|Any CPU.ActiveCfg = Release|Any CPU
		{B3D4B246-E7D3-4A61-9B9A-057F5A334607}.Release|Any CPU.Build.0 = Release|Any CPU
		{B3D4B246-E7D3-4A61-9B9A-057F5A334607}.Release|x64.ActiveCfg = Release|Any CPU
		{B3D4B246-E7D3-4A61-9B9A-057F5A334607}.Release|x64.Build.0 = Release|Any CPU
		{B3D4B246-E7D3-4A61-9B9A-057F5A334607}.Release|x86.ActiveCfg = Release|Any CPU
		{B3D4B246-E7D3-4A61-9B9A-057F5A334607}.Release|x86.Build.0 = Release|Any CPU
		{A4F01980-153A-4631-BE3C-5646E03052AB}.Debug|Any CPU.ActiveCfg = Debug|Any CPU
		{A4F01980-153A-4631-BE3C-5646E03052AB}.Debug|Any CPU.Build.0 = Debug|Any CPU
		{A4F01980-153A-4631-BE3C-5646E03052AB}.Debug|x64.ActiveCfg = Debug|Any CPU
		{A4F01980-153A-4631-BE3C-5646E03052AB}.Debug|x64.Build.0 = Debug|Any CPU
		{A4F01980-153A-4631-BE3C-5646E03052AB}.Debug|x86.ActiveCfg = Debug|Any CPU
		{A4F01980-153A-4631-BE3C-5646E03052AB}.Debug|x86.Build.0 = Debug|Any CPU
		{A4F01980-153A-4631-BE3C-5646E03052AB}.Release|Any CPU.ActiveCfg = Release|Any CPU
		{A4F01980-153A-4631-BE3C-5646E03052AB}.Release|Any CPU.Build.0 = Release|Any CPU
		{A4F01980-153A-4631-BE3C-5646E03052AB}.Release|x64.ActiveCfg = Release|Any CPU
		{A4F01980-153A-4631-BE3C-5646E03052AB}.Release|x64.Build.0 = Release|Any CPU
		{A4F01980-153A-4631-BE3C-5646E03052AB}.Release|x86.ActiveCfg = Release|Any CPU
		{A4F01980-153A-4631-BE3C-5646E03052AB}.Release|x86.Build.0 = Release|Any CPU
		{E573D90F-7A1B-423D-9077-A1545709CD10}.Debug|Any CPU.ActiveCfg = Debug|Any CPU
		{E573D90F-7A1B-423D-9077-A1545709CD10}.Debug|Any CPU.Build.0 = Debug|Any CPU
		{E573D90F-7A1B-423D-9077-A1545709CD10}.Debug|x64.ActiveCfg = Debug|Any CPU
		{E573D90F-7A1B-423D-9077-A1545709CD10}.Debug|x64.Build.0 = Debug|Any CPU
		{E573D90F-7A1B-423D-9077-A1545709CD10}.Debug|x86.ActiveCfg = Debug|Any CPU
		{E573D90F-7A1B-423D-9077-A1545709CD10}.Debug|x86.Build.0 = Debug|Any CPU
		{E573D90F-7A1B-423D-9077-A1545709CD10}.Release|Any CPU.ActiveCfg = Release|Any CPU
		{E573D90F-7A1B-423D-9077-A1545709CD10}.Release|Any CPU.Build.0 = Release|Any CPU
		{E573D90F-7A1B-423D-9077-A1545709CD10}.Release|x64.ActiveCfg = Release|Any CPU
		{E573D90F-7A1B-423D-9077-A1545709CD10}.Release|x64.Build.0 = Release|Any CPU
		{E573D90F-7A1B-423D-9077-A1545709CD10}.Release|x86.ActiveCfg = Release|Any CPU
		{E573D90F-7A1B-423D-9077-A1545709CD10}.Release|x86.Build.0 = Release|Any CPU
	EndGlobalSection
	GlobalSection(SolutionProperties) = preSolution
		HideSolutionNode = FALSE
	EndGlobalSection
	GlobalSection(NestedProjects) = preSolution
		{DEA5DFCC-CBC8-7CB0-EB66-51A5FCCC1A16} = {979FE575-A4A8-4CCC-919B-3DF726DC99F4}
		{75B0FD84-1F0A-AAF0-69EF-EF2230C90D4F} = {979FE575-A4A8-4CCC-919B-3DF726DC99F4}
		{B63F7F8A-7B5A-47B7-11BD-7DA23C52FE07} = {979FE575-A4A8-4CCC-919B-3DF726DC99F4}
		{321EECB4-D059-4F07-B1BE-5F957E6343DD} = {DEA5DFCC-CBC8-7CB0-EB66-51A5FCCC1A16}
		{3316F56F-C0D6-4517-9F94-03DB3D49C428} = {75B0FD84-1F0A-AAF0-69EF-EF2230C90D4F}
		{B3D4B246-E7D3-4A61-9B9A-057F5A334607} = {B63F7F8A-7B5A-47B7-11BD-7DA23C52FE07}
		{E2DE9711-0900-0CFE-D276-7C7B21FEDF57} = {979FE575-A4A8-4CCC-919B-3DF726DC99F4}
		{A4F01980-153A-4631-BE3C-5646E03052AB} = {E2DE9711-0900-0CFE-D276-7C7B21FEDF57}
		{8A6226FF-F409-717C-6A3C-7403D85B097D} = {979FE575-A4A8-4CCC-919B-3DF726DC99F4}
		{E573D90F-7A1B-423D-9077-A1545709CD10} = {8A6226FF-F409-717C-6A3C-7403D85B097D}
	EndGlobalSection
EndGlobal
